
Microsoft Visual Studio Solution File, Format Version 12.00
# Visual Studio Version 16
VisualStudioVersion = 16.0.30907.101
MinimumVisualStudioVersion = 10.0.40219.1
Project("{FAE04EC0-301F-11D3-BF4B-00C04F79EFBC}") = "DBViewer.UWP", "DBViewer.UWP\DBViewer.UWP.csproj", "{92B2E433-4EDE-4429-9D43-D84C3F2AE076}"
EndProject
Project("{9A19103F-16F7-4668-BE54-9A1E7A4F7556}") = "DBViewer", "DBViewer\DBViewer.csproj", "{5FEB298F-24FE-4E9E-9264-133F90425C23}"
EndProject
Project("{9A19103F-16F7-4668-BE54-9A1E7A4F7556}") = "DbViewer.Tests", "DbViewer.Tests\DbViewer.Tests.csproj", "{B0C85AD7-ABB9-4101-A92D-918D8946291D}"
EndProject
Project("{2150E333-8FDC-42A3-9474-1A3956D46DE8}") = "docs", "docs", "{A75F1662-DD64-4C9C-8724-759A8A2B7B5D}"
	ProjectSection(SolutionItems) = preProject
		..\README.md = ..\README.md
	EndProjectSection
EndProject
Project("{FAE04EC0-301F-11D3-BF4B-00C04F79EFBC}") = "DBViewer.Android", "DBViewer.Android\DBViewer.Android.csproj", "{62028227-6F0C-4338-8D3B-C15C298B515D}"
EndProject
Project("{FAE04EC0-301F-11D3-BF4B-00C04F79EFBC}") = "DBViewer.iOS", "DBViewer.iOS\DBViewer.iOS.csproj", "{D1F693EE-93F2-4C30-95DF-5FB98AE87422}"
EndProject
Project("{FAE04EC0-301F-11D3-BF4B-00C04F79EFBC}") = "DbViewer.Shared", "DbViewer.Shared\DbViewer.Shared.csproj", "{9C7EDEB0-90FB-413E-AA89-7AC602CC20C1}"
EndProject
Global
	GlobalSection(SolutionConfigurationPlatforms) = preSolution
		Debug_Coverage|Any CPU = Debug_Coverage|Any CPU
		Debug_Coverage|ARM = Debug_Coverage|ARM
		Debug_Coverage|iPhone = Debug_Coverage|iPhone
		Debug_Coverage|iPhoneSimulator = Debug_Coverage|iPhoneSimulator
		Debug_Coverage|x64 = Debug_Coverage|x64
		Debug_Coverage|x86 = Debug_Coverage|x86
		Debug|Any CPU = Debug|Any CPU
		Debug|ARM = Debug|ARM
		Debug|iPhone = Debug|iPhone
		Debug|iPhoneSimulator = Debug|iPhoneSimulator
		Debug|x64 = Debug|x64
		Debug|x86 = Debug|x86
		Packaging|Any CPU = Packaging|Any CPU
		Packaging|ARM = Packaging|ARM
		Packaging|iPhone = Packaging|iPhone
		Packaging|iPhoneSimulator = Packaging|iPhoneSimulator
		Packaging|x64 = Packaging|x64
		Packaging|x86 = Packaging|x86
		PackagingDebug|Any CPU = PackagingDebug|Any CPU
		PackagingDebug|ARM = PackagingDebug|ARM
		PackagingDebug|iPhone = PackagingDebug|iPhone
		PackagingDebug|iPhoneSimulator = PackagingDebug|iPhoneSimulator
		PackagingDebug|x64 = PackagingDebug|x64
		PackagingDebug|x86 = PackagingDebug|x86
		Release_Coverage|Any CPU = Release_Coverage|Any CPU
		Release_Coverage|ARM = Release_Coverage|ARM
		Release_Coverage|iPhone = Release_Coverage|iPhone
		Release_Coverage|iPhoneSimulator = Release_Coverage|iPhoneSimulator
		Release_Coverage|x64 = Release_Coverage|x64
		Release_Coverage|x86 = Release_Coverage|x86
		Release|Any CPU = Release|Any CPU
		Release|ARM = Release|ARM
		Release|iPhone = Release|iPhone
		Release|iPhoneSimulator = Release|iPhoneSimulator
		Release|x64 = Release|x64
		Release|x86 = Release|x86
	EndGlobalSection
	GlobalSection(ProjectConfigurationPlatforms) = postSolution
		{92B2E433-4EDE-4429-9D43-D84C3F2AE076}.Debug_Coverage|Any CPU.ActiveCfg = Debug|x64
		{92B2E433-4EDE-4429-9D43-D84C3F2AE076}.Debug_Coverage|Any CPU.Build.0 = Debug|x64
		{92B2E433-4EDE-4429-9D43-D84C3F2AE076}.Debug_Coverage|Any CPU.Deploy.0 = Debug|x64
		{92B2E433-4EDE-4429-9D43-D84C3F2AE076}.Debug_Coverage|ARM.ActiveCfg = Debug|ARM
		{92B2E433-4EDE-4429-9D43-D84C3F2AE076}.Debug_Coverage|ARM.Build.0 = Debug|ARM
		{92B2E433-4EDE-4429-9D43-D84C3F2AE076}.Debug_Coverage|ARM.Deploy.0 = Debug|ARM
		{92B2E433-4EDE-4429-9D43-D84C3F2AE076}.Debug_Coverage|iPhone.ActiveCfg = Release|x64
		{92B2E433-4EDE-4429-9D43-D84C3F2AE076}.Debug_Coverage|iPhone.Build.0 = Release|x64
		{92B2E433-4EDE-4429-9D43-D84C3F2AE076}.Debug_Coverage|iPhone.Deploy.0 = Release|x64
		{92B2E433-4EDE-4429-9D43-D84C3F2AE076}.Debug_Coverage|iPhoneSimulator.ActiveCfg = Release|x64
		{92B2E433-4EDE-4429-9D43-D84C3F2AE076}.Debug_Coverage|iPhoneSimulator.Build.0 = Release|x64
		{92B2E433-4EDE-4429-9D43-D84C3F2AE076}.Debug_Coverage|iPhoneSimulator.Deploy.0 = Release|x64
		{92B2E433-4EDE-4429-9D43-D84C3F2AE076}.Debug_Coverage|x64.ActiveCfg = Debug|x64
		{92B2E433-4EDE-4429-9D43-D84C3F2AE076}.Debug_Coverage|x64.Build.0 = Debug|x64
		{92B2E433-4EDE-4429-9D43-D84C3F2AE076}.Debug_Coverage|x64.Deploy.0 = Debug|x64
		{92B2E433-4EDE-4429-9D43-D84C3F2AE076}.Debug_Coverage|x86.ActiveCfg = Debug|x86
		{92B2E433-4EDE-4429-9D43-D84C3F2AE076}.Debug_Coverage|x86.Build.0 = Debug|x86
		{92B2E433-4EDE-4429-9D43-D84C3F2AE076}.Debug_Coverage|x86.Deploy.0 = Debug|x86
		{92B2E433-4EDE-4429-9D43-D84C3F2AE076}.Debug|Any CPU.ActiveCfg = Debug|x86
		{92B2E433-4EDE-4429-9D43-D84C3F2AE076}.Debug|Any CPU.Build.0 = Debug|x86
		{92B2E433-4EDE-4429-9D43-D84C3F2AE076}.Debug|Any CPU.Deploy.0 = Debug|x86
		{92B2E433-4EDE-4429-9D43-D84C3F2AE076}.Debug|ARM.ActiveCfg = Debug|ARM
		{92B2E433-4EDE-4429-9D43-D84C3F2AE076}.Debug|ARM.Build.0 = Debug|ARM
		{92B2E433-4EDE-4429-9D43-D84C3F2AE076}.Debug|ARM.Deploy.0 = Debug|ARM
		{92B2E433-4EDE-4429-9D43-D84C3F2AE076}.Debug|iPhone.ActiveCfg = Debug|x86
		{92B2E433-4EDE-4429-9D43-D84C3F2AE076}.Debug|iPhone.Build.0 = Debug|x86
		{92B2E433-4EDE-4429-9D43-D84C3F2AE076}.Debug|iPhone.Deploy.0 = Debug|x86
		{92B2E433-4EDE-4429-9D43-D84C3F2AE076}.Debug|iPhoneSimulator.ActiveCfg = Debug|x86
		{92B2E433-4EDE-4429-9D43-D84C3F2AE076}.Debug|iPhoneSimulator.Build.0 = Debug|x86
		{92B2E433-4EDE-4429-9D43-D84C3F2AE076}.Debug|iPhoneSimulator.Deploy.0 = Debug|x86
		{92B2E433-4EDE-4429-9D43-D84C3F2AE076}.Debug|x64.ActiveCfg = Debug|x64
		{92B2E433-4EDE-4429-9D43-D84C3F2AE076}.Debug|x64.Build.0 = Debug|x64
		{92B2E433-4EDE-4429-9D43-D84C3F2AE076}.Debug|x64.Deploy.0 = Debug|x64
		{92B2E433-4EDE-4429-9D43-D84C3F2AE076}.Debug|x86.ActiveCfg = Debug|x86
		{92B2E433-4EDE-4429-9D43-D84C3F2AE076}.Debug|x86.Build.0 = Debug|x86
		{92B2E433-4EDE-4429-9D43-D84C3F2AE076}.Debug|x86.Deploy.0 = Debug|x86
		{92B2E433-4EDE-4429-9D43-D84C3F2AE076}.Packaging|Any CPU.ActiveCfg = Release|x64
		{92B2E433-4EDE-4429-9D43-D84C3F2AE076}.Packaging|Any CPU.Build.0 = Release|x64
		{92B2E433-4EDE-4429-9D43-D84C3F2AE076}.Packaging|Any CPU.Deploy.0 = Release|x64
		{92B2E433-4EDE-4429-9D43-D84C3F2AE076}.Packaging|ARM.ActiveCfg = Release|ARM
		{92B2E433-4EDE-4429-9D43-D84C3F2AE076}.Packaging|ARM.Build.0 = Release|ARM
		{92B2E433-4EDE-4429-9D43-D84C3F2AE076}.Packaging|ARM.Deploy.0 = Release|ARM
		{92B2E433-4EDE-4429-9D43-D84C3F2AE076}.Packaging|iPhone.ActiveCfg = Release|x64
		{92B2E433-4EDE-4429-9D43-D84C3F2AE076}.Packaging|iPhone.Build.0 = Release|x64
		{92B2E433-4EDE-4429-9D43-D84C3F2AE076}.Packaging|iPhone.Deploy.0 = Release|x64
		{92B2E433-4EDE-4429-9D43-D84C3F2AE076}.Packaging|iPhoneSimulator.ActiveCfg = Release|x64
		{92B2E433-4EDE-4429-9D43-D84C3F2AE076}.Packaging|iPhoneSimulator.Build.0 = Release|x64
		{92B2E433-4EDE-4429-9D43-D84C3F2AE076}.Packaging|iPhoneSimulator.Deploy.0 = Release|x64
		{92B2E433-4EDE-4429-9D43-D84C3F2AE076}.Packaging|x64.ActiveCfg = Release|x64
		{92B2E433-4EDE-4429-9D43-D84C3F2AE076}.Packaging|x64.Build.0 = Release|x64
		{92B2E433-4EDE-4429-9D43-D84C3F2AE076}.Packaging|x64.Deploy.0 = Release|x64
		{92B2E433-4EDE-4429-9D43-D84C3F2AE076}.Packaging|x86.ActiveCfg = Release|x86
		{92B2E433-4EDE-4429-9D43-D84C3F2AE076}.Packaging|x86.Build.0 = Release|x86
		{92B2E433-4EDE-4429-9D43-D84C3F2AE076}.Packaging|x86.Deploy.0 = Release|x86
		{92B2E433-4EDE-4429-9D43-D84C3F2AE076}.PackagingDebug|Any CPU.ActiveCfg = Release|x64
		{92B2E433-4EDE-4429-9D43-D84C3F2AE076}.PackagingDebug|Any CPU.Build.0 = Release|x64
		{92B2E433-4EDE-4429-9D43-D84C3F2AE076}.PackagingDebug|Any CPU.Deploy.0 = Release|x64
		{92B2E433-4EDE-4429-9D43-D84C3F2AE076}.PackagingDebug|ARM.ActiveCfg = Debug|ARM
		{92B2E433-4EDE-4429-9D43-D84C3F2AE076}.PackagingDebug|ARM.Build.0 = Debug|ARM
		{92B2E433-4EDE-4429-9D43-D84C3F2AE076}.PackagingDebug|ARM.Deploy.0 = Debug|ARM
		{92B2E433-4EDE-4429-9D43-D84C3F2AE076}.PackagingDebug|iPhone.ActiveCfg = Release|x64
		{92B2E433-4EDE-4429-9D43-D84C3F2AE076}.PackagingDebug|iPhone.Build.0 = Release|x64
		{92B2E433-4EDE-4429-9D43-D84C3F2AE076}.PackagingDebug|iPhone.Deploy.0 = Release|x64
		{92B2E433-4EDE-4429-9D43-D84C3F2AE076}.PackagingDebug|iPhoneSimulator.ActiveCfg = Release|x64
		{92B2E433-4EDE-4429-9D43-D84C3F2AE076}.PackagingDebug|iPhoneSimulator.Build.0 = Release|x64
		{92B2E433-4EDE-4429-9D43-D84C3F2AE076}.PackagingDebug|iPhoneSimulator.Deploy.0 = Release|x64
		{92B2E433-4EDE-4429-9D43-D84C3F2AE076}.PackagingDebug|x64.ActiveCfg = Debug|x64
		{92B2E433-4EDE-4429-9D43-D84C3F2AE076}.PackagingDebug|x64.Build.0 = Debug|x64
		{92B2E433-4EDE-4429-9D43-D84C3F2AE076}.PackagingDebug|x64.Deploy.0 = Debug|x64
		{92B2E433-4EDE-4429-9D43-D84C3F2AE076}.PackagingDebug|x86.ActiveCfg = Debug|x86
		{92B2E433-4EDE-4429-9D43-D84C3F2AE076}.PackagingDebug|x86.Build.0 = Debug|x86
		{92B2E433-4EDE-4429-9D43-D84C3F2AE076}.PackagingDebug|x86.Deploy.0 = Debug|x86
		{92B2E433-4EDE-4429-9D43-D84C3F2AE076}.Release_Coverage|Any CPU.ActiveCfg = Release|x64
		{92B2E433-4EDE-4429-9D43-D84C3F2AE076}.Release_Coverage|Any CPU.Build.0 = Release|x64
		{92B2E433-4EDE-4429-9D43-D84C3F2AE076}.Release_Coverage|Any CPU.Deploy.0 = Release|x64
		{92B2E433-4EDE-4429-9D43-D84C3F2AE076}.Release_Coverage|ARM.ActiveCfg = Release|ARM
		{92B2E433-4EDE-4429-9D43-D84C3F2AE076}.Release_Coverage|ARM.Build.0 = Release|ARM
		{92B2E433-4EDE-4429-9D43-D84C3F2AE076}.Release_Coverage|ARM.Deploy.0 = Release|ARM
		{92B2E433-4EDE-4429-9D43-D84C3F2AE076}.Release_Coverage|iPhone.ActiveCfg = Release|x64
		{92B2E433-4EDE-4429-9D43-D84C3F2AE076}.Release_Coverage|iPhone.Build.0 = Release|x64
		{92B2E433-4EDE-4429-9D43-D84C3F2AE076}.Release_Coverage|iPhone.Deploy.0 = Release|x64
		{92B2E433-4EDE-4429-9D43-D84C3F2AE076}.Release_Coverage|iPhoneSimulator.ActiveCfg = Release|x64
		{92B2E433-4EDE-4429-9D43-D84C3F2AE076}.Release_Coverage|iPhoneSimulator.Build.0 = Release|x64
		{92B2E433-4EDE-4429-9D43-D84C3F2AE076}.Release_Coverage|iPhoneSimulator.Deploy.0 = Release|x64
		{92B2E433-4EDE-4429-9D43-D84C3F2AE076}.Release_Coverage|x64.ActiveCfg = Release|x64
		{92B2E433-4EDE-4429-9D43-D84C3F2AE076}.Release_Coverage|x64.Build.0 = Release|x64
		{92B2E433-4EDE-4429-9D43-D84C3F2AE076}.Release_Coverage|x64.Deploy.0 = Release|x64
		{92B2E433-4EDE-4429-9D43-D84C3F2AE076}.Release_Coverage|x86.ActiveCfg = Release|x86
		{92B2E433-4EDE-4429-9D43-D84C3F2AE076}.Release_Coverage|x86.Build.0 = Release|x86
		{92B2E433-4EDE-4429-9D43-D84C3F2AE076}.Release_Coverage|x86.Deploy.0 = Release|x86
		{92B2E433-4EDE-4429-9D43-D84C3F2AE076}.Release|Any CPU.ActiveCfg = Release|x86
		{92B2E433-4EDE-4429-9D43-D84C3F2AE076}.Release|Any CPU.Build.0 = Release|x86
		{92B2E433-4EDE-4429-9D43-D84C3F2AE076}.Release|Any CPU.Deploy.0 = Release|x86
		{92B2E433-4EDE-4429-9D43-D84C3F2AE076}.Release|ARM.ActiveCfg = Release|ARM
		{92B2E433-4EDE-4429-9D43-D84C3F2AE076}.Release|ARM.Build.0 = Release|ARM
		{92B2E433-4EDE-4429-9D43-D84C3F2AE076}.Release|ARM.Deploy.0 = Release|ARM
		{92B2E433-4EDE-4429-9D43-D84C3F2AE076}.Release|iPhone.ActiveCfg = Release|x86
		{92B2E433-4EDE-4429-9D43-D84C3F2AE076}.Release|iPhone.Build.0 = Release|x86
		{92B2E433-4EDE-4429-9D43-D84C3F2AE076}.Release|iPhone.Deploy.0 = Release|x86
		{92B2E433-4EDE-4429-9D43-D84C3F2AE076}.Release|iPhoneSimulator.ActiveCfg = Release|x86
		{92B2E433-4EDE-4429-9D43-D84C3F2AE076}.Release|iPhoneSimulator.Build.0 = Release|x86
		{92B2E433-4EDE-4429-9D43-D84C3F2AE076}.Release|iPhoneSimulator.Deploy.0 = Release|x86
		{92B2E433-4EDE-4429-9D43-D84C3F2AE076}.Release|x64.ActiveCfg = Release|x64
		{92B2E433-4EDE-4429-9D43-D84C3F2AE076}.Release|x64.Build.0 = Release|x64
		{92B2E433-4EDE-4429-9D43-D84C3F2AE076}.Release|x64.Deploy.0 = Release|x64
		{92B2E433-4EDE-4429-9D43-D84C3F2AE076}.Release|x86.ActiveCfg = Release|x86
		{92B2E433-4EDE-4429-9D43-D84C3F2AE076}.Release|x86.Build.0 = Release|x86
		{92B2E433-4EDE-4429-9D43-D84C3F2AE076}.Release|x86.Deploy.0 = Release|x86
		{5FEB298F-24FE-4E9E-9264-133F90425C23}.Debug_Coverage|Any CPU.ActiveCfg = Debug|Any CPU
		{5FEB298F-24FE-4E9E-9264-133F90425C23}.Debug_Coverage|Any CPU.Build.0 = Debug|Any CPU
		{5FEB298F-24FE-4E9E-9264-133F90425C23}.Debug_Coverage|ARM.ActiveCfg = Debug|Any CPU
		{5FEB298F-24FE-4E9E-9264-133F90425C23}.Debug_Coverage|ARM.Build.0 = Debug|Any CPU
		{5FEB298F-24FE-4E9E-9264-133F90425C23}.Debug_Coverage|iPhone.ActiveCfg = Debug|Any CPU
		{5FEB298F-24FE-4E9E-9264-133F90425C23}.Debug_Coverage|iPhone.Build.0 = Debug|Any CPU
		{5FEB298F-24FE-4E9E-9264-133F90425C23}.Debug_Coverage|iPhoneSimulator.ActiveCfg = Debug|Any CPU
		{5FEB298F-24FE-4E9E-9264-133F90425C23}.Debug_Coverage|iPhoneSimulator.Build.0 = Debug|Any CPU
		{5FEB298F-24FE-4E9E-9264-133F90425C23}.Debug_Coverage|x64.ActiveCfg = Debug|x64
		{5FEB298F-24FE-4E9E-9264-133F90425C23}.Debug_Coverage|x64.Build.0 = Debug|x64
		{5FEB298F-24FE-4E9E-9264-133F90425C23}.Debug_Coverage|x86.ActiveCfg = Debug|Any CPU
		{5FEB298F-24FE-4E9E-9264-133F90425C23}.Debug_Coverage|x86.Build.0 = Debug|Any CPU
		{5FEB298F-24FE-4E9E-9264-133F90425C23}.Debug|Any CPU.ActiveCfg = Debug|Any CPU
		{5FEB298F-24FE-4E9E-9264-133F90425C23}.Debug|Any CPU.Build.0 = Debug|Any CPU
		{5FEB298F-24FE-4E9E-9264-133F90425C23}.Debug|Any CPU.Deploy.0 = Debug|Any CPU
		{5FEB298F-24FE-4E9E-9264-133F90425C23}.Debug|ARM.ActiveCfg = Debug|Any CPU
		{5FEB298F-24FE-4E9E-9264-133F90425C23}.Debug|ARM.Build.0 = Debug|Any CPU
		{5FEB298F-24FE-4E9E-9264-133F90425C23}.Debug|ARM.Deploy.0 = Debug|Any CPU
		{5FEB298F-24FE-4E9E-9264-133F90425C23}.Debug|iPhone.ActiveCfg = Debug|Any CPU
		{5FEB298F-24FE-4E9E-9264-133F90425C23}.Debug|iPhone.Build.0 = Debug|Any CPU
		{5FEB298F-24FE-4E9E-9264-133F90425C23}.Debug|iPhone.Deploy.0 = Debug|Any CPU
		{5FEB298F-24FE-4E9E-9264-133F90425C23}.Debug|iPhoneSimulator.ActiveCfg = Debug|Any CPU
		{5FEB298F-24FE-4E9E-9264-133F90425C23}.Debug|iPhoneSimulator.Build.0 = Debug|Any CPU
		{5FEB298F-24FE-4E9E-9264-133F90425C23}.Debug|iPhoneSimulator.Deploy.0 = Debug|Any CPU
		{5FEB298F-24FE-4E9E-9264-133F90425C23}.Debug|x64.ActiveCfg = Debug|Any CPU
		{5FEB298F-24FE-4E9E-9264-133F90425C23}.Debug|x64.Build.0 = Debug|Any CPU
		{5FEB298F-24FE-4E9E-9264-133F90425C23}.Debug|x64.Deploy.0 = Debug|Any CPU
		{5FEB298F-24FE-4E9E-9264-133F90425C23}.Debug|x86.ActiveCfg = Debug|x86
		{5FEB298F-24FE-4E9E-9264-133F90425C23}.Debug|x86.Build.0 = Debug|x86
		{5FEB298F-24FE-4E9E-9264-133F90425C23}.Debug|x86.Deploy.0 = Debug|x86
		{5FEB298F-24FE-4E9E-9264-133F90425C23}.Packaging|Any CPU.ActiveCfg = Release|Any CPU
		{5FEB298F-24FE-4E9E-9264-133F90425C23}.Packaging|Any CPU.Build.0 = Release|Any CPU
		{5FEB298F-24FE-4E9E-9264-133F90425C23}.Packaging|ARM.ActiveCfg = Release|Any CPU
		{5FEB298F-24FE-4E9E-9264-133F90425C23}.Packaging|ARM.Build.0 = Release|Any CPU
		{5FEB298F-24FE-4E9E-9264-133F90425C23}.Packaging|iPhone.ActiveCfg = Release|Any CPU
		{5FEB298F-24FE-4E9E-9264-133F90425C23}.Packaging|iPhone.Build.0 = Release|Any CPU
		{5FEB298F-24FE-4E9E-9264-133F90425C23}.Packaging|iPhoneSimulator.ActiveCfg = Release|Any CPU
		{5FEB298F-24FE-4E9E-9264-133F90425C23}.Packaging|iPhoneSimulator.Build.0 = Release|Any CPU
		{5FEB298F-24FE-4E9E-9264-133F90425C23}.Packaging|x64.ActiveCfg = Release|Any CPU
		{5FEB298F-24FE-4E9E-9264-133F90425C23}.Packaging|x64.Build.0 = Release|Any CPU
		{5FEB298F-24FE-4E9E-9264-133F90425C23}.Packaging|x86.ActiveCfg = Release|Any CPU
		{5FEB298F-24FE-4E9E-9264-133F90425C23}.Packaging|x86.Build.0 = Release|Any CPU
		{5FEB298F-24FE-4E9E-9264-133F90425C23}.PackagingDebug|Any CPU.ActiveCfg = Debug|Any CPU
		{5FEB298F-24FE-4E9E-9264-133F90425C23}.PackagingDebug|Any CPU.Build.0 = Debug|Any CPU
		{5FEB298F-24FE-4E9E-9264-133F90425C23}.PackagingDebug|ARM.ActiveCfg = Debug|Any CPU
		{5FEB298F-24FE-4E9E-9264-133F90425C23}.PackagingDebug|ARM.Build.0 = Debug|Any CPU
		{5FEB298F-24FE-4E9E-9264-133F90425C23}.PackagingDebug|iPhone.ActiveCfg = Debug|Any CPU
		{5FEB298F-24FE-4E9E-9264-133F90425C23}.PackagingDebug|iPhone.Build.0 = Debug|Any CPU
		{5FEB298F-24FE-4E9E-9264-133F90425C23}.PackagingDebug|iPhoneSimulator.ActiveCfg = Debug|Any CPU
		{5FEB298F-24FE-4E9E-9264-133F90425C23}.PackagingDebug|iPhoneSimulator.Build.0 = Debug|Any CPU
		{5FEB298F-24FE-4E9E-9264-133F90425C23}.PackagingDebug|x64.ActiveCfg = Debug|Any CPU
		{5FEB298F-24FE-4E9E-9264-133F90425C23}.PackagingDebug|x64.Build.0 = Debug|Any CPU
		{5FEB298F-24FE-4E9E-9264-133F90425C23}.PackagingDebug|x86.ActiveCfg = Debug|Any CPU
		{5FEB298F-24FE-4E9E-9264-133F90425C23}.PackagingDebug|x86.Build.0 = Debug|Any CPU
		{5FEB298F-24FE-4E9E-9264-133F90425C23}.Release_Coverage|Any CPU.ActiveCfg = Release|Any CPU
		{5FEB298F-24FE-4E9E-9264-133F90425C23}.Release_Coverage|Any CPU.Build.0 = Release|Any CPU
		{5FEB298F-24FE-4E9E-9264-133F90425C23}.Release_Coverage|ARM.ActiveCfg = Release|Any CPU
		{5FEB298F-24FE-4E9E-9264-133F90425C23}.Release_Coverage|ARM.Build.0 = Release|Any CPU
		{5FEB298F-24FE-4E9E-9264-133F90425C23}.Release_Coverage|iPhone.ActiveCfg = Release|Any CPU
		{5FEB298F-24FE-4E9E-9264-133F90425C23}.Release_Coverage|iPhone.Build.0 = Release|Any CPU
		{5FEB298F-24FE-4E9E-9264-133F90425C23}.Release_Coverage|iPhoneSimulator.ActiveCfg = Release|Any CPU
		{5FEB298F-24FE-4E9E-9264-133F90425C23}.Release_Coverage|iPhoneSimulator.Build.0 = Release|Any CPU
		{5FEB298F-24FE-4E9E-9264-133F90425C23}.Release_Coverage|x64.ActiveCfg = Release|Any CPU
		{5FEB298F-24FE-4E9E-9264-133F90425C23}.Release_Coverage|x64.Build.0 = Release|Any CPU
		{5FEB298F-24FE-4E9E-9264-133F90425C23}.Release_Coverage|x86.ActiveCfg = Release|Any CPU
		{5FEB298F-24FE-4E9E-9264-133F90425C23}.Release_Coverage|x86.Build.0 = Release|Any CPU
		{5FEB298F-24FE-4E9E-9264-133F90425C23}.Release|Any CPU.ActiveCfg = Release|Any CPU
		{5FEB298F-24FE-4E9E-9264-133F90425C23}.Release|Any CPU.Build.0 = Release|Any CPU
		{5FEB298F-24FE-4E9E-9264-133F90425C23}.Release|Any CPU.Deploy.0 = Release|Any CPU
		{5FEB298F-24FE-4E9E-9264-133F90425C23}.Release|ARM.ActiveCfg = Release|Any CPU
		{5FEB298F-24FE-4E9E-9264-133F90425C23}.Release|ARM.Build.0 = Release|Any CPU
		{5FEB298F-24FE-4E9E-9264-133F90425C23}.Release|ARM.Deploy.0 = Release|Any CPU
		{5FEB298F-24FE-4E9E-9264-133F90425C23}.Release|iPhone.ActiveCfg = Release|Any CPU
		{5FEB298F-24FE-4E9E-9264-133F90425C23}.Release|iPhone.Build.0 = Release|Any CPU
		{5FEB298F-24FE-4E9E-9264-133F90425C23}.Release|iPhone.Deploy.0 = Release|Any CPU
		{5FEB298F-24FE-4E9E-9264-133F90425C23}.Release|iPhoneSimulator.ActiveCfg = Release|Any CPU
		{5FEB298F-24FE-4E9E-9264-133F90425C23}.Release|iPhoneSimulator.Build.0 = Release|Any CPU
		{5FEB298F-24FE-4E9E-9264-133F90425C23}.Release|iPhoneSimulator.Deploy.0 = Release|Any CPU
		{5FEB298F-24FE-4E9E-9264-133F90425C23}.Release|x64.ActiveCfg = Release|Any CPU
		{5FEB298F-24FE-4E9E-9264-133F90425C23}.Release|x64.Build.0 = Release|Any CPU
		{5FEB298F-24FE-4E9E-9264-133F90425C23}.Release|x64.Deploy.0 = Release|Any CPU
		{5FEB298F-24FE-4E9E-9264-133F90425C23}.Release|x86.ActiveCfg = Release|Any CPU
		{5FEB298F-24FE-4E9E-9264-133F90425C23}.Release|x86.Build.0 = Release|Any CPU
		{5FEB298F-24FE-4E9E-9264-133F90425C23}.Release|x86.Deploy.0 = Release|Any CPU
		{B0C85AD7-ABB9-4101-A92D-918D8946291D}.Debug_Coverage|Any CPU.ActiveCfg = Debug|Any CPU
		{B0C85AD7-ABB9-4101-A92D-918D8946291D}.Debug_Coverage|Any CPU.Build.0 = Debug|Any CPU
		{B0C85AD7-ABB9-4101-A92D-918D8946291D}.Debug_Coverage|ARM.ActiveCfg = Debug|Any CPU
		{B0C85AD7-ABB9-4101-A92D-918D8946291D}.Debug_Coverage|ARM.Build.0 = Debug|Any CPU
		{B0C85AD7-ABB9-4101-A92D-918D8946291D}.Debug_Coverage|iPhone.ActiveCfg = Debug|Any CPU
		{B0C85AD7-ABB9-4101-A92D-918D8946291D}.Debug_Coverage|iPhone.Build.0 = Debug|Any CPU
		{B0C85AD7-ABB9-4101-A92D-918D8946291D}.Debug_Coverage|iPhoneSimulator.ActiveCfg = Debug|Any CPU
		{B0C85AD7-ABB9-4101-A92D-918D8946291D}.Debug_Coverage|iPhoneSimulator.Build.0 = Debug|Any CPU
		{B0C85AD7-ABB9-4101-A92D-918D8946291D}.Debug_Coverage|x64.ActiveCfg = Debug|x64
		{B0C85AD7-ABB9-4101-A92D-918D8946291D}.Debug_Coverage|x64.Build.0 = Debug|x64
		{B0C85AD7-ABB9-4101-A92D-918D8946291D}.Debug_Coverage|x86.ActiveCfg = Debug|Any CPU
		{B0C85AD7-ABB9-4101-A92D-918D8946291D}.Debug_Coverage|x86.Build.0 = Debug|Any CPU
		{B0C85AD7-ABB9-4101-A92D-918D8946291D}.Debug|Any CPU.ActiveCfg = Debug|Any CPU
		{B0C85AD7-ABB9-4101-A92D-918D8946291D}.Debug|Any CPU.Build.0 = Debug|Any CPU
		{B0C85AD7-ABB9-4101-A92D-918D8946291D}.Debug|ARM.ActiveCfg = Debug|Any CPU
		{B0C85AD7-ABB9-4101-A92D-918D8946291D}.Debug|ARM.Build.0 = Debug|Any CPU
		{B0C85AD7-ABB9-4101-A92D-918D8946291D}.Debug|iPhone.ActiveCfg = Debug|Any CPU
		{B0C85AD7-ABB9-4101-A92D-918D8946291D}.Debug|iPhone.Build.0 = Debug|Any CPU
		{B0C85AD7-ABB9-4101-A92D-918D8946291D}.Debug|iPhoneSimulator.ActiveCfg = Debug|Any CPU
		{B0C85AD7-ABB9-4101-A92D-918D8946291D}.Debug|iPhoneSimulator.Build.0 = Debug|Any CPU
		{B0C85AD7-ABB9-4101-A92D-918D8946291D}.Debug|x64.ActiveCfg = Debug|Any CPU
		{B0C85AD7-ABB9-4101-A92D-918D8946291D}.Debug|x64.Build.0 = Debug|Any CPU
		{B0C85AD7-ABB9-4101-A92D-918D8946291D}.Debug|x86.ActiveCfg = Debug|x86
		{B0C85AD7-ABB9-4101-A92D-918D8946291D}.Debug|x86.Build.0 = Debug|x86
		{B0C85AD7-ABB9-4101-A92D-918D8946291D}.Packaging|Any CPU.ActiveCfg = Release|Any CPU
		{B0C85AD7-ABB9-4101-A92D-918D8946291D}.Packaging|Any CPU.Build.0 = Release|Any CPU
		{B0C85AD7-ABB9-4101-A92D-918D8946291D}.Packaging|ARM.ActiveCfg = Release|Any CPU
		{B0C85AD7-ABB9-4101-A92D-918D8946291D}.Packaging|ARM.Build.0 = Release|Any CPU
		{B0C85AD7-ABB9-4101-A92D-918D8946291D}.Packaging|iPhone.ActiveCfg = Release|Any CPU
		{B0C85AD7-ABB9-4101-A92D-918D8946291D}.Packaging|iPhone.Build.0 = Release|Any CPU
		{B0C85AD7-ABB9-4101-A92D-918D8946291D}.Packaging|iPhoneSimulator.ActiveCfg = Release|Any CPU
		{B0C85AD7-ABB9-4101-A92D-918D8946291D}.Packaging|iPhoneSimulator.Build.0 = Release|Any CPU
		{B0C85AD7-ABB9-4101-A92D-918D8946291D}.Packaging|x64.ActiveCfg = Release|Any CPU
		{B0C85AD7-ABB9-4101-A92D-918D8946291D}.Packaging|x64.Build.0 = Release|Any CPU
		{B0C85AD7-ABB9-4101-A92D-918D8946291D}.Packaging|x86.ActiveCfg = Release|Any CPU
		{B0C85AD7-ABB9-4101-A92D-918D8946291D}.Packaging|x86.Build.0 = Release|Any CPU
		{B0C85AD7-ABB9-4101-A92D-918D8946291D}.PackagingDebug|Any CPU.ActiveCfg = Debug|Any CPU
		{B0C85AD7-ABB9-4101-A92D-918D8946291D}.PackagingDebug|Any CPU.Build.0 = Debug|Any CPU
		{B0C85AD7-ABB9-4101-A92D-918D8946291D}.PackagingDebug|ARM.ActiveCfg = Debug|Any CPU
		{B0C85AD7-ABB9-4101-A92D-918D8946291D}.PackagingDebug|ARM.Build.0 = Debug|Any CPU
		{B0C85AD7-ABB9-4101-A92D-918D8946291D}.PackagingDebug|iPhone.ActiveCfg = Debug|Any CPU
		{B0C85AD7-ABB9-4101-A92D-918D8946291D}.PackagingDebug|iPhone.Build.0 = Debug|Any CPU
		{B0C85AD7-ABB9-4101-A92D-918D8946291D}.PackagingDebug|iPhoneSimulator.ActiveCfg = Debug|Any CPU
		{B0C85AD7-ABB9-4101-A92D-918D8946291D}.PackagingDebug|iPhoneSimulator.Build.0 = Debug|Any CPU
		{B0C85AD7-ABB9-4101-A92D-918D8946291D}.PackagingDebug|x64.ActiveCfg = Debug|Any CPU
		{B0C85AD7-ABB9-4101-A92D-918D8946291D}.PackagingDebug|x64.Build.0 = Debug|Any CPU
		{B0C85AD7-ABB9-4101-A92D-918D8946291D}.PackagingDebug|x86.ActiveCfg = Debug|Any CPU
		{B0C85AD7-ABB9-4101-A92D-918D8946291D}.PackagingDebug|x86.Build.0 = Debug|Any CPU
		{B0C85AD7-ABB9-4101-A92D-918D8946291D}.Release_Coverage|Any CPU.ActiveCfg = Release|Any CPU
		{B0C85AD7-ABB9-4101-A92D-918D8946291D}.Release_Coverage|Any CPU.Build.0 = Release|Any CPU
		{B0C85AD7-ABB9-4101-A92D-918D8946291D}.Release_Coverage|ARM.ActiveCfg = Release|Any CPU
		{B0C85AD7-ABB9-4101-A92D-918D8946291D}.Release_Coverage|ARM.Build.0 = Release|Any CPU
		{B0C85AD7-ABB9-4101-A92D-918D8946291D}.Release_Coverage|iPhone.ActiveCfg = Release|Any CPU
		{B0C85AD7-ABB9-4101-A92D-918D8946291D}.Release_Coverage|iPhone.Build.0 = Release|Any CPU
		{B0C85AD7-ABB9-4101-A92D-918D8946291D}.Release_Coverage|iPhoneSimulator.ActiveCfg = Release|Any CPU
		{B0C85AD7-ABB9-4101-A92D-918D8946291D}.Release_Coverage|iPhoneSimulator.Build.0 = Release|Any CPU
		{B0C85AD7-ABB9-4101-A92D-918D8946291D}.Release_Coverage|x64.ActiveCfg = Release|Any CPU
		{B0C85AD7-ABB9-4101-A92D-918D8946291D}.Release_Coverage|x64.Build.0 = Release|Any CPU
		{B0C85AD7-ABB9-4101-A92D-918D8946291D}.Release_Coverage|x86.ActiveCfg = Release|Any CPU
		{B0C85AD7-ABB9-4101-A92D-918D8946291D}.Release_Coverage|x86.Build.0 = Release|Any CPU
		{B0C85AD7-ABB9-4101-A92D-918D8946291D}.Release|Any CPU.ActiveCfg = Release|Any CPU
		{B0C85AD7-ABB9-4101-A92D-918D8946291D}.Release|Any CPU.Build.0 = Release|Any CPU
		{B0C85AD7-ABB9-4101-A92D-918D8946291D}.Release|ARM.ActiveCfg = Release|Any CPU
		{B0C85AD7-ABB9-4101-A92D-918D8946291D}.Release|ARM.Build.0 = Release|Any CPU
		{B0C85AD7-ABB9-4101-A92D-918D8946291D}.Release|iPhone.ActiveCfg = Release|Any CPU
		{B0C85AD7-ABB9-4101-A92D-918D8946291D}.Release|iPhone.Build.0 = Release|Any CPU
		{B0C85AD7-ABB9-4101-A92D-918D8946291D}.Release|iPhoneSimulator.ActiveCfg = Release|Any CPU
		{B0C85AD7-ABB9-4101-A92D-918D8946291D}.Release|iPhoneSimulator.Build.0 = Release|Any CPU
		{B0C85AD7-ABB9-4101-A92D-918D8946291D}.Release|x64.ActiveCfg = Release|Any CPU
		{B0C85AD7-ABB9-4101-A92D-918D8946291D}.Release|x64.Build.0 = Release|Any CPU
		{B0C85AD7-ABB9-4101-A92D-918D8946291D}.Release|x86.ActiveCfg = Release|Any CPU
		{B0C85AD7-ABB9-4101-A92D-918D8946291D}.Release|x86.Build.0 = Release|Any CPU
		{62028227-6F0C-4338-8D3B-C15C298B515D}.Debug_Coverage|Any CPU.ActiveCfg = Debug|Any CPU
		{62028227-6F0C-4338-8D3B-C15C298B515D}.Debug_Coverage|Any CPU.Build.0 = Debug|Any CPU
		{62028227-6F0C-4338-8D3B-C15C298B515D}.Debug_Coverage|Any CPU.Deploy.0 = Debug|Any CPU
		{62028227-6F0C-4338-8D3B-C15C298B515D}.Debug_Coverage|ARM.ActiveCfg = Debug|Any CPU
		{62028227-6F0C-4338-8D3B-C15C298B515D}.Debug_Coverage|ARM.Build.0 = Debug|Any CPU
		{62028227-6F0C-4338-8D3B-C15C298B515D}.Debug_Coverage|ARM.Deploy.0 = Debug|Any CPU
		{62028227-6F0C-4338-8D3B-C15C298B515D}.Debug_Coverage|iPhone.ActiveCfg = Debug|Any CPU
		{62028227-6F0C-4338-8D3B-C15C298B515D}.Debug_Coverage|iPhone.Build.0 = Debug|Any CPU
		{62028227-6F0C-4338-8D3B-C15C298B515D}.Debug_Coverage|iPhone.Deploy.0 = Debug|Any CPU
		{62028227-6F0C-4338-8D3B-C15C298B515D}.Debug_Coverage|iPhoneSimulator.ActiveCfg = Debug|Any CPU
		{62028227-6F0C-4338-8D3B-C15C298B515D}.Debug_Coverage|iPhoneSimulator.Build.0 = Debug|Any CPU
		{62028227-6F0C-4338-8D3B-C15C298B515D}.Debug_Coverage|iPhoneSimulator.Deploy.0 = Debug|Any CPU
		{62028227-6F0C-4338-8D3B-C15C298B515D}.Debug_Coverage|x64.ActiveCfg = Debug|Any CPU
		{62028227-6F0C-4338-8D3B-C15C298B515D}.Debug_Coverage|x64.Build.0 = Debug|Any CPU
		{62028227-6F0C-4338-8D3B-C15C298B515D}.Debug_Coverage|x64.Deploy.0 = Debug|Any CPU
		{62028227-6F0C-4338-8D3B-C15C298B515D}.Debug_Coverage|x86.ActiveCfg = Debug|Any CPU
		{62028227-6F0C-4338-8D3B-C15C298B515D}.Debug_Coverage|x86.Build.0 = Debug|Any CPU
		{62028227-6F0C-4338-8D3B-C15C298B515D}.Debug_Coverage|x86.Deploy.0 = Debug|Any CPU
		{62028227-6F0C-4338-8D3B-C15C298B515D}.Debug|Any CPU.ActiveCfg = Debug|Any CPU
		{62028227-6F0C-4338-8D3B-C15C298B515D}.Debug|Any CPU.Build.0 = Debug|Any CPU
		{62028227-6F0C-4338-8D3B-C15C298B515D}.Debug|Any CPU.Deploy.0 = Debug|Any CPU
		{62028227-6F0C-4338-8D3B-C15C298B515D}.Debug|ARM.ActiveCfg = Debug|Any CPU
		{62028227-6F0C-4338-8D3B-C15C298B515D}.Debug|ARM.Build.0 = Debug|Any CPU
		{62028227-6F0C-4338-8D3B-C15C298B515D}.Debug|ARM.Deploy.0 = Debug|Any CPU
		{62028227-6F0C-4338-8D3B-C15C298B515D}.Debug|iPhone.ActiveCfg = Debug|Any CPU
		{62028227-6F0C-4338-8D3B-C15C298B515D}.Debug|iPhone.Build.0 = Debug|Any CPU
		{62028227-6F0C-4338-8D3B-C15C298B515D}.Debug|iPhone.Deploy.0 = Debug|Any CPU
		{62028227-6F0C-4338-8D3B-C15C298B515D}.Debug|iPhoneSimulator.ActiveCfg = Debug|Any CPU
		{62028227-6F0C-4338-8D3B-C15C298B515D}.Debug|iPhoneSimulator.Build.0 = Debug|Any CPU
		{62028227-6F0C-4338-8D3B-C15C298B515D}.Debug|iPhoneSimulator.Deploy.0 = Debug|Any CPU
		{62028227-6F0C-4338-8D3B-C15C298B515D}.Debug|x64.ActiveCfg = Debug|Any CPU
		{62028227-6F0C-4338-8D3B-C15C298B515D}.Debug|x64.Build.0 = Debug|Any CPU
		{62028227-6F0C-4338-8D3B-C15C298B515D}.Debug|x64.Deploy.0 = Debug|Any CPU
		{62028227-6F0C-4338-8D3B-C15C298B515D}.Debug|x86.ActiveCfg = Debug|Any CPU
		{62028227-6F0C-4338-8D3B-C15C298B515D}.Debug|x86.Build.0 = Debug|Any CPU
		{62028227-6F0C-4338-8D3B-C15C298B515D}.Debug|x86.Deploy.0 = Debug|Any CPU
		{62028227-6F0C-4338-8D3B-C15C298B515D}.Packaging|Any CPU.ActiveCfg = Debug|Any CPU
		{62028227-6F0C-4338-8D3B-C15C298B515D}.Packaging|Any CPU.Build.0 = Debug|Any CPU
		{62028227-6F0C-4338-8D3B-C15C298B515D}.Packaging|Any CPU.Deploy.0 = Debug|Any CPU
		{62028227-6F0C-4338-8D3B-C15C298B515D}.Packaging|ARM.ActiveCfg = Debug|Any CPU
		{62028227-6F0C-4338-8D3B-C15C298B515D}.Packaging|ARM.Build.0 = Debug|Any CPU
		{62028227-6F0C-4338-8D3B-C15C298B515D}.Packaging|ARM.Deploy.0 = Debug|Any CPU
		{62028227-6F0C-4338-8D3B-C15C298B515D}.Packaging|iPhone.ActiveCfg = Debug|Any CPU
		{62028227-6F0C-4338-8D3B-C15C298B515D}.Packaging|iPhone.Build.0 = Debug|Any CPU
		{62028227-6F0C-4338-8D3B-C15C298B515D}.Packaging|iPhone.Deploy.0 = Debug|Any CPU
		{62028227-6F0C-4338-8D3B-C15C298B515D}.Packaging|iPhoneSimulator.ActiveCfg = Debug|Any CPU
		{62028227-6F0C-4338-8D3B-C15C298B515D}.Packaging|iPhoneSimulator.Build.0 = Debug|Any CPU
		{62028227-6F0C-4338-8D3B-C15C298B515D}.Packaging|iPhoneSimulator.Deploy.0 = Debug|Any CPU
		{62028227-6F0C-4338-8D3B-C15C298B515D}.Packaging|x64.ActiveCfg = Debug|Any CPU
		{62028227-6F0C-4338-8D3B-C15C298B515D}.Packaging|x64.Build.0 = Debug|Any CPU
		{62028227-6F0C-4338-8D3B-C15C298B515D}.Packaging|x64.Deploy.0 = Debug|Any CPU
		{62028227-6F0C-4338-8D3B-C15C298B515D}.Packaging|x86.ActiveCfg = Debug|Any CPU
		{62028227-6F0C-4338-8D3B-C15C298B515D}.Packaging|x86.Build.0 = Debug|Any CPU
		{62028227-6F0C-4338-8D3B-C15C298B515D}.Packaging|x86.Deploy.0 = Debug|Any CPU
		{62028227-6F0C-4338-8D3B-C15C298B515D}.PackagingDebug|Any CPU.ActiveCfg = Debug|Any CPU
		{62028227-6F0C-4338-8D3B-C15C298B515D}.PackagingDebug|Any CPU.Build.0 = Debug|Any CPU
		{62028227-6F0C-4338-8D3B-C15C298B515D}.PackagingDebug|Any CPU.Deploy.0 = Debug|Any CPU
		{62028227-6F0C-4338-8D3B-C15C298B515D}.PackagingDebug|ARM.ActiveCfg = Debug|Any CPU
		{62028227-6F0C-4338-8D3B-C15C298B515D}.PackagingDebug|ARM.Build.0 = Debug|Any CPU
		{62028227-6F0C-4338-8D3B-C15C298B515D}.PackagingDebug|ARM.Deploy.0 = Debug|Any CPU
		{62028227-6F0C-4338-8D3B-C15C298B515D}.PackagingDebug|iPhone.ActiveCfg = Debug|Any CPU
		{62028227-6F0C-4338-8D3B-C15C298B515D}.PackagingDebug|iPhone.Build.0 = Debug|Any CPU
		{62028227-6F0C-4338-8D3B-C15C298B515D}.PackagingDebug|iPhone.Deploy.0 = Debug|Any CPU
		{62028227-6F0C-4338-8D3B-C15C298B515D}.PackagingDebug|iPhoneSimulator.ActiveCfg = Debug|Any CPU
		{62028227-6F0C-4338-8D3B-C15C298B515D}.PackagingDebug|iPhoneSimulator.Build.0 = Debug|Any CPU
		{62028227-6F0C-4338-8D3B-C15C298B515D}.PackagingDebug|iPhoneSimulator.Deploy.0 = Debug|Any CPU
		{62028227-6F0C-4338-8D3B-C15C298B515D}.PackagingDebug|x64.ActiveCfg = Debug|Any CPU
		{62028227-6F0C-4338-8D3B-C15C298B515D}.PackagingDebug|x64.Build.0 = Debug|Any CPU
		{62028227-6F0C-4338-8D3B-C15C298B515D}.PackagingDebug|x64.Deploy.0 = Debug|Any CPU
		{62028227-6F0C-4338-8D3B-C15C298B515D}.PackagingDebug|x86.ActiveCfg = Debug|Any CPU
		{62028227-6F0C-4338-8D3B-C15C298B515D}.PackagingDebug|x86.Build.0 = Debug|Any CPU
		{62028227-6F0C-4338-8D3B-C15C298B515D}.PackagingDebug|x86.Deploy.0 = Debug|Any CPU
		{62028227-6F0C-4338-8D3B-C15C298B515D}.Release_Coverage|Any CPU.ActiveCfg = Release|Any CPU
		{62028227-6F0C-4338-8D3B-C15C298B515D}.Release_Coverage|Any CPU.Build.0 = Release|Any CPU
		{62028227-6F0C-4338-8D3B-C15C298B515D}.Release_Coverage|Any CPU.Deploy.0 = Release|Any CPU
		{62028227-6F0C-4338-8D3B-C15C298B515D}.Release_Coverage|ARM.ActiveCfg = Release|Any CPU
		{62028227-6F0C-4338-8D3B-C15C298B515D}.Release_Coverage|ARM.Build.0 = Release|Any CPU
		{62028227-6F0C-4338-8D3B-C15C298B515D}.Release_Coverage|ARM.Deploy.0 = Release|Any CPU
		{62028227-6F0C-4338-8D3B-C15C298B515D}.Release_Coverage|iPhone.ActiveCfg = Release|Any CPU
		{62028227-6F0C-4338-8D3B-C15C298B515D}.Release_Coverage|iPhone.Build.0 = Release|Any CPU
		{62028227-6F0C-4338-8D3B-C15C298B515D}.Release_Coverage|iPhone.Deploy.0 = Release|Any CPU
		{62028227-6F0C-4338-8D3B-C15C298B515D}.Release_Coverage|iPhoneSimulator.ActiveCfg = Release|Any CPU
		{62028227-6F0C-4338-8D3B-C15C298B515D}.Release_Coverage|iPhoneSimulator.Build.0 = Release|Any CPU
		{62028227-6F0C-4338-8D3B-C15C298B515D}.Release_Coverage|iPhoneSimulator.Deploy.0 = Release|Any CPU
		{62028227-6F0C-4338-8D3B-C15C298B515D}.Release_Coverage|x64.ActiveCfg = Release|Any CPU
		{62028227-6F0C-4338-8D3B-C15C298B515D}.Release_Coverage|x64.Build.0 = Release|Any CPU
		{62028227-6F0C-4338-8D3B-C15C298B515D}.Release_Coverage|x64.Deploy.0 = Release|Any CPU
		{62028227-6F0C-4338-8D3B-C15C298B515D}.Release_Coverage|x86.ActiveCfg = Release|Any CPU
		{62028227-6F0C-4338-8D3B-C15C298B515D}.Release_Coverage|x86.Build.0 = Release|Any CPU
		{62028227-6F0C-4338-8D3B-C15C298B515D}.Release_Coverage|x86.Deploy.0 = Release|Any CPU
		{62028227-6F0C-4338-8D3B-C15C298B515D}.Release|Any CPU.ActiveCfg = Release|Any CPU
		{62028227-6F0C-4338-8D3B-C15C298B515D}.Release|Any CPU.Build.0 = Release|Any CPU
		{62028227-6F0C-4338-8D3B-C15C298B515D}.Release|Any CPU.Deploy.0 = Release|Any CPU
		{62028227-6F0C-4338-8D3B-C15C298B515D}.Release|ARM.ActiveCfg = Release|Any CPU
		{62028227-6F0C-4338-8D3B-C15C298B515D}.Release|ARM.Build.0 = Release|Any CPU
		{62028227-6F0C-4338-8D3B-C15C298B515D}.Release|ARM.Deploy.0 = Release|Any CPU
		{62028227-6F0C-4338-8D3B-C15C298B515D}.Release|iPhone.ActiveCfg = Release|Any CPU
		{62028227-6F0C-4338-8D3B-C15C298B515D}.Release|iPhone.Build.0 = Release|Any CPU
		{62028227-6F0C-4338-8D3B-C15C298B515D}.Release|iPhone.Deploy.0 = Release|Any CPU
		{62028227-6F0C-4338-8D3B-C15C298B515D}.Release|iPhoneSimulator.ActiveCfg = Release|Any CPU
		{62028227-6F0C-4338-8D3B-C15C298B515D}.Release|iPhoneSimulator.Build.0 = Release|Any CPU
		{62028227-6F0C-4338-8D3B-C15C298B515D}.Release|iPhoneSimulator.Deploy.0 = Release|Any CPU
		{62028227-6F0C-4338-8D3B-C15C298B515D}.Release|x64.ActiveCfg = Release|Any CPU
		{62028227-6F0C-4338-8D3B-C15C298B515D}.Release|x64.Build.0 = Release|Any CPU
		{62028227-6F0C-4338-8D3B-C15C298B515D}.Release|x64.Deploy.0 = Release|Any CPU
		{62028227-6F0C-4338-8D3B-C15C298B515D}.Release|x86.ActiveCfg = Release|Any CPU
		{62028227-6F0C-4338-8D3B-C15C298B515D}.Release|x86.Build.0 = Release|Any CPU
		{62028227-6F0C-4338-8D3B-C15C298B515D}.Release|x86.Deploy.0 = Release|Any CPU
		{D1F693EE-93F2-4C30-95DF-5FB98AE87422}.Debug_Coverage|Any CPU.ActiveCfg = Debug|iPhoneSimulator
		{D1F693EE-93F2-4C30-95DF-5FB98AE87422}.Debug_Coverage|Any CPU.Build.0 = Debug|iPhoneSimulator
		{D1F693EE-93F2-4C30-95DF-5FB98AE87422}.Debug_Coverage|ARM.ActiveCfg = Debug|iPhoneSimulator
		{D1F693EE-93F2-4C30-95DF-5FB98AE87422}.Debug_Coverage|ARM.Build.0 = Debug|iPhoneSimulator
		{D1F693EE-93F2-4C30-95DF-5FB98AE87422}.Debug_Coverage|iPhone.ActiveCfg = Debug|iPhone
		{D1F693EE-93F2-4C30-95DF-5FB98AE87422}.Debug_Coverage|iPhone.Build.0 = Debug|iPhone
		{D1F693EE-93F2-4C30-95DF-5FB98AE87422}.Debug_Coverage|iPhoneSimulator.ActiveCfg = Debug|iPhoneSimulator
		{D1F693EE-93F2-4C30-95DF-5FB98AE87422}.Debug_Coverage|iPhoneSimulator.Build.0 = Debug|iPhoneSimulator
		{D1F693EE-93F2-4C30-95DF-5FB98AE87422}.Debug_Coverage|x64.ActiveCfg = Debug|iPhoneSimulator
		{D1F693EE-93F2-4C30-95DF-5FB98AE87422}.Debug_Coverage|x64.Build.0 = Debug|iPhoneSimulator
		{D1F693EE-93F2-4C30-95DF-5FB98AE87422}.Debug_Coverage|x86.ActiveCfg = Debug|iPhoneSimulator
		{D1F693EE-93F2-4C30-95DF-5FB98AE87422}.Debug_Coverage|x86.Build.0 = Debug|iPhoneSimulator
		{D1F693EE-93F2-4C30-95DF-5FB98AE87422}.Debug|Any CPU.ActiveCfg = Debug|iPhoneSimulator
		{D1F693EE-93F2-4C30-95DF-5FB98AE87422}.Debug|ARM.ActiveCfg = Debug|iPhoneSimulator
		{D1F693EE-93F2-4C30-95DF-5FB98AE87422}.Debug|iPhone.ActiveCfg = Debug|iPhone
		{D1F693EE-93F2-4C30-95DF-5FB98AE87422}.Debug|iPhone.Build.0 = Debug|iPhone
		{D1F693EE-93F2-4C30-95DF-5FB98AE87422}.Debug|iPhoneSimulator.ActiveCfg = Debug|iPhoneSimulator
		{D1F693EE-93F2-4C30-95DF-5FB98AE87422}.Debug|iPhoneSimulator.Build.0 = Debug|iPhoneSimulator
		{D1F693EE-93F2-4C30-95DF-5FB98AE87422}.Debug|x64.ActiveCfg = Debug|iPhoneSimulator
		{D1F693EE-93F2-4C30-95DF-5FB98AE87422}.Debug|x86.ActiveCfg = Debug|iPhoneSimulator
		{D1F693EE-93F2-4C30-95DF-5FB98AE87422}.Packaging|Any CPU.ActiveCfg = Debug|iPhoneSimulator
		{D1F693EE-93F2-4C30-95DF-5FB98AE87422}.Packaging|Any CPU.Build.0 = Debug|iPhoneSimulator
		{D1F693EE-93F2-4C30-95DF-5FB98AE87422}.Packaging|ARM.ActiveCfg = Debug|iPhoneSimulator
		{D1F693EE-93F2-4C30-95DF-5FB98AE87422}.Packaging|ARM.Build.0 = Debug|iPhoneSimulator
		{D1F693EE-93F2-4C30-95DF-5FB98AE87422}.Packaging|iPhone.ActiveCfg = Debug|iPhone
		{D1F693EE-93F2-4C30-95DF-5FB98AE87422}.Packaging|iPhone.Build.0 = Debug|iPhone
		{D1F693EE-93F2-4C30-95DF-5FB98AE87422}.Packaging|iPhoneSimulator.ActiveCfg = Debug|iPhoneSimulator
		{D1F693EE-93F2-4C30-95DF-5FB98AE87422}.Packaging|iPhoneSimulator.Build.0 = Debug|iPhoneSimulator
		{D1F693EE-93F2-4C30-95DF-5FB98AE87422}.Packaging|x64.ActiveCfg = Debug|iPhoneSimulator
		{D1F693EE-93F2-4C30-95DF-5FB98AE87422}.Packaging|x64.Build.0 = Debug|iPhoneSimulator
		{D1F693EE-93F2-4C30-95DF-5FB98AE87422}.Packaging|x86.ActiveCfg = Debug|iPhoneSimulator
		{D1F693EE-93F2-4C30-95DF-5FB98AE87422}.Packaging|x86.Build.0 = Debug|iPhoneSimulator
		{D1F693EE-93F2-4C30-95DF-5FB98AE87422}.PackagingDebug|Any CPU.ActiveCfg = Debug|iPhoneSimulator
		{D1F693EE-93F2-4C30-95DF-5FB98AE87422}.PackagingDebug|Any CPU.Build.0 = Debug|iPhoneSimulator
		{D1F693EE-93F2-4C30-95DF-5FB98AE87422}.PackagingDebug|ARM.ActiveCfg = Debug|iPhoneSimulator
		{D1F693EE-93F2-4C30-95DF-5FB98AE87422}.PackagingDebug|ARM.Build.0 = Debug|iPhoneSimulator
		{D1F693EE-93F2-4C30-95DF-5FB98AE87422}.PackagingDebug|iPhone.ActiveCfg = Debug|iPhone
		{D1F693EE-93F2-4C30-95DF-5FB98AE87422}.PackagingDebug|iPhone.Build.0 = Debug|iPhone
		{D1F693EE-93F2-4C30-95DF-5FB98AE87422}.PackagingDebug|iPhoneSimulator.ActiveCfg = Debug|iPhoneSimulator
		{D1F693EE-93F2-4C30-95DF-5FB98AE87422}.PackagingDebug|iPhoneSimulator.Build.0 = Debug|iPhoneSimulator
		{D1F693EE-93F2-4C30-95DF-5FB98AE87422}.PackagingDebug|x64.ActiveCfg = Debug|iPhoneSimulator
		{D1F693EE-93F2-4C30-95DF-5FB98AE87422}.PackagingDebug|x64.Build.0 = Debug|iPhoneSimulator
		{D1F693EE-93F2-4C30-95DF-5FB98AE87422}.PackagingDebug|x86.ActiveCfg = Debug|iPhoneSimulator
		{D1F693EE-93F2-4C30-95DF-5FB98AE87422}.PackagingDebug|x86.Build.0 = Debug|iPhoneSimulator
		{D1F693EE-93F2-4C30-95DF-5FB98AE87422}.Release_Coverage|Any CPU.ActiveCfg = Debug|iPhoneSimulator
		{D1F693EE-93F2-4C30-95DF-5FB98AE87422}.Release_Coverage|Any CPU.Build.0 = Debug|iPhoneSimulator
		{D1F693EE-93F2-4C30-95DF-5FB98AE87422}.Release_Coverage|ARM.ActiveCfg = Debug|iPhoneSimulator
		{D1F693EE-93F2-4C30-95DF-5FB98AE87422}.Release_Coverage|ARM.Build.0 = Debug|iPhoneSimulator
		{D1F693EE-93F2-4C30-95DF-5FB98AE87422}.Release_Coverage|iPhone.ActiveCfg = Release|iPhone
		{D1F693EE-93F2-4C30-95DF-5FB98AE87422}.Release_Coverage|iPhone.Build.0 = Release|iPhone
		{D1F693EE-93F2-4C30-95DF-5FB98AE87422}.Release_Coverage|iPhoneSimulator.ActiveCfg = Release|iPhoneSimulator
		{D1F693EE-93F2-4C30-95DF-5FB98AE87422}.Release_Coverage|iPhoneSimulator.Build.0 = Release|iPhoneSimulator
		{D1F693EE-93F2-4C30-95DF-5FB98AE87422}.Release_Coverage|x64.ActiveCfg = Debug|iPhoneSimulator
		{D1F693EE-93F2-4C30-95DF-5FB98AE87422}.Release_Coverage|x64.Build.0 = Debug|iPhoneSimulator
		{D1F693EE-93F2-4C30-95DF-5FB98AE87422}.Release_Coverage|x86.ActiveCfg = Debug|iPhoneSimulator
		{D1F693EE-93F2-4C30-95DF-5FB98AE87422}.Release_Coverage|x86.Build.0 = Debug|iPhoneSimulator
		{D1F693EE-93F2-4C30-95DF-5FB98AE87422}.Release|Any CPU.ActiveCfg = Release|iPhoneSimulator
		{D1F693EE-93F2-4C30-95DF-5FB98AE87422}.Release|ARM.ActiveCfg = Release|iPhoneSimulator
		{D1F693EE-93F2-4C30-95DF-5FB98AE87422}.Release|iPhone.ActiveCfg = Release|iPhone
		{D1F693EE-93F2-4C30-95DF-5FB98AE87422}.Release|iPhone.Build.0 = Release|iPhone
		{D1F693EE-93F2-4C30-95DF-5FB98AE87422}.Release|iPhoneSimulator.ActiveCfg = Release|iPhoneSimulator
		{D1F693EE-93F2-4C30-95DF-5FB98AE87422}.Release|iPhoneSimulator.Build.0 = Release|iPhoneSimulator
		{D1F693EE-93F2-4C30-95DF-5FB98AE87422}.Release|x64.ActiveCfg = Release|iPhoneSimulator
		{D1F693EE-93F2-4C30-95DF-5FB98AE87422}.Release|x86.ActiveCfg = Release|iPhoneSimulator
		{9C7EDEB0-90FB-413E-AA89-7AC602CC20C1}.Debug_Coverage|Any CPU.ActiveCfg = Debug|Any CPU
		{9C7EDEB0-90FB-413E-AA89-7AC602CC20C1}.Debug_Coverage|Any CPU.Build.0 = Debug|Any CPU
		{9C7EDEB0-90FB-413E-AA89-7AC602CC20C1}.Debug_Coverage|ARM.ActiveCfg = Debug|Any CPU
		{9C7EDEB0-90FB-413E-AA89-7AC602CC20C1}.Debug_Coverage|ARM.Build.0 = Debug|Any CPU
		{9C7EDEB0-90FB-413E-AA89-7AC602CC20C1}.Debug_Coverage|iPhone.ActiveCfg = Debug|Any CPU
		{9C7EDEB0-90FB-413E-AA89-7AC602CC20C1}.Debug_Coverage|iPhone.Build.0 = Debug|Any CPU
		{9C7EDEB0-90FB-413E-AA89-7AC602CC20C1}.Debug_Coverage|iPhoneSimulator.ActiveCfg = Debug|Any CPU
		{9C7EDEB0-90FB-413E-AA89-7AC602CC20C1}.Debug_Coverage|iPhoneSimulator.Build.0 = Debug|Any CPU
		{9C7EDEB0-90FB-413E-AA89-7AC602CC20C1}.Debug_Coverage|x64.ActiveCfg = Debug|Any CPU
		{9C7EDEB0-90FB-413E-AA89-7AC602CC20C1}.Debug_Coverage|x64.Build.0 = Debug|Any CPU
		{9C7EDEB0-90FB-413E-AA89-7AC602CC20C1}.Debug_Coverage|x86.ActiveCfg = Debug|Any CPU
		{9C7EDEB0-90FB-413E-AA89-7AC602CC20C1}.Debug_Coverage|x86.Build.0 = Debug|Any CPU
		{9C7EDEB0-90FB-413E-AA89-7AC602CC20C1}.Debug|Any CPU.ActiveCfg = Debug|Any CPU
		{9C7EDEB0-90FB-413E-AA89-7AC602CC20C1}.Debug|Any CPU.Build.0 = Debug|Any CPU
		{9C7EDEB0-90FB-413E-AA89-7AC602CC20C1}.Debug|ARM.ActiveCfg = Debug|Any CPU
		{9C7EDEB0-90FB-413E-AA89-7AC602CC20C1}.Debug|ARM.Build.0 = Debug|Any CPU
		{9C7EDEB0-90FB-413E-AA89-7AC602CC20C1}.Debug|iPhone.ActiveCfg = Debug|Any CPU
		{9C7EDEB0-90FB-413E-AA89-7AC602CC20C1}.Debug|iPhone.Build.0 = Debug|Any CPU
		{9C7EDEB0-90FB-413E-AA89-7AC602CC20C1}.Debug|iPhoneSimulator.ActiveCfg = Debug|Any CPU
		{9C7EDEB0-90FB-413E-AA89-7AC602CC20C1}.Debug|iPhoneSimulator.Build.0 = Debug|Any CPU
		{9C7EDEB0-90FB-413E-AA89-7AC602CC20C1}.Debug|x64.ActiveCfg = Debug|Any CPU
		{9C7EDEB0-90FB-413E-AA89-7AC602CC20C1}.Debug|x64.Build.0 = Debug|Any CPU
		{9C7EDEB0-90FB-413E-AA89-7AC602CC20C1}.Debug|x86.ActiveCfg = Debug|Any CPU
		{9C7EDEB0-90FB-413E-AA89-7AC602CC20C1}.Debug|x86.Build.0 = Debug|Any CPU
		{9C7EDEB0-90FB-413E-AA89-7AC602CC20C1}.Packaging|Any CPU.ActiveCfg = Debug|Any CPU
		{9C7EDEB0-90FB-413E-AA89-7AC602CC20C1}.Packaging|Any CPU.Build.0 = Debug|Any CPU
		{9C7EDEB0-90FB-413E-AA89-7AC602CC20C1}.Packaging|ARM.ActiveCfg = Debug|Any CPU
		{9C7EDEB0-90FB-413E-AA89-7AC602CC20C1}.Packaging|ARM.Build.0 = Debug|Any CPU
		{9C7EDEB0-90FB-413E-AA89-7AC602CC20C1}.Packaging|iPhone.ActiveCfg = Debug|Any CPU
		{9C7EDEB0-90FB-413E-AA89-7AC602CC20C1}.Packaging|iPhone.Build.0 = Debug|Any CPU
		{9C7EDEB0-90FB-413E-AA89-7AC602CC20C1}.Packaging|iPhoneSimulator.ActiveCfg = Debug|Any CPU
		{9C7EDEB0-90FB-413E-AA89-7AC602CC20C1}.Packaging|iPhoneSimulator.Build.0 = Debug|Any CPU
		{9C7EDEB0-90FB-413E-AA89-7AC602CC20C1}.Packaging|x64.ActiveCfg = Debug|Any CPU
		{9C7EDEB0-90FB-413E-AA89-7AC602CC20C1}.Packaging|x64.Build.0 = Debug|Any CPU
		{9C7EDEB0-90FB-413E-AA89-7AC602CC20C1}.Packaging|x86.ActiveCfg = Debug|Any CPU
		{9C7EDEB0-90FB-413E-AA89-7AC602CC20C1}.Packaging|x86.Build.0 = Debug|Any CPU
		{9C7EDEB0-90FB-413E-AA89-7AC602CC20C1}.PackagingDebug|Any CPU.ActiveCfg = Debug|Any CPU
		{9C7EDEB0-90FB-413E-AA89-7AC602CC20C1}.PackagingDebug|Any CPU.Build.0 = Debug|Any CPU
		{9C7EDEB0-90FB-413E-AA89-7AC602CC20C1}.PackagingDebug|ARM.ActiveCfg = Debug|Any CPU
		{9C7EDEB0-90FB-413E-AA89-7AC602CC20C1}.PackagingDebug|ARM.Build.0 = Debug|Any CPU
		{9C7EDEB0-90FB-413E-AA89-7AC602CC20C1}.PackagingDebug|iPhone.ActiveCfg = Debug|Any CPU
		{9C7EDEB0-90FB-413E-AA89-7AC602CC20C1}.PackagingDebug|iPhone.Build.0 = Debug|Any CPU
		{9C7EDEB0-90FB-413E-AA89-7AC602CC20C1}.PackagingDebug|iPhoneSimulator.ActiveCfg = Debug|Any CPU
		{9C7EDEB0-90FB-413E-AA89-7AC602CC20C1}.PackagingDebug|iPhoneSimulator.Build.0 = Debug|Any CPU
		{9C7EDEB0-90FB-413E-AA89-7AC602CC20C1}.PackagingDebug|x64.ActiveCfg = Debug|Any CPU
		{9C7EDEB0-90FB-413E-AA89-7AC602CC20C1}.PackagingDebug|x64.Build.0 = Debug|Any CPU
		{9C7EDEB0-90FB-413E-AA89-7AC602CC20C1}.PackagingDebug|x86.ActiveCfg = Debug|Any CPU
		{9C7EDEB0-90FB-413E-AA89-7AC602CC20C1}.PackagingDebug|x86.Build.0 = Debug|Any CPU
		{9C7EDEB0-90FB-413E-AA89-7AC602CC20C1}.Release_Coverage|Any CPU.ActiveCfg = Release|Any CPU
		{9C7EDEB0-90FB-413E-AA89-7AC602CC20C1}.Release_Coverage|Any CPU.Build.0 = Release|Any CPU
		{9C7EDEB0-90FB-413E-AA89-7AC602CC20C1}.Release_Coverage|ARM.ActiveCfg = Release|Any CPU
		{9C7EDEB0-90FB-413E-AA89-7AC602CC20C1}.Release_Coverage|ARM.Build.0 = Release|Any CPU
		{9C7EDEB0-90FB-413E-AA89-7AC602CC20C1}.Release_Coverage|iPhone.ActiveCfg = Release|Any CPU
		{9C7EDEB0-90FB-413E-AA89-7AC602CC20C1}.Release_Coverage|iPhone.Build.0 = Release|Any CPU
		{9C7EDEB0-90FB-413E-AA89-7AC602CC20C1}.Release_Coverage|iPhoneSimulator.ActiveCfg = Release|Any CPU
		{9C7EDEB0-90FB-413E-AA89-7AC602CC20C1}.Release_Coverage|iPhoneSimulator.Build.0 = Release|Any CPU
		{9C7EDEB0-90FB-413E-AA89-7AC602CC20C1}.Release_Coverage|x64.ActiveCfg = Release|Any CPU
		{9C7EDEB0-90FB-413E-AA89-7AC602CC20C1}.Release_Coverage|x64.Build.0 = Release|Any CPU
		{9C7EDEB0-90FB-413E-AA89-7AC602CC20C1}.Release_Coverage|x86.ActiveCfg = Release|Any CPU
		{9C7EDEB0-90FB-413E-AA89-7AC602CC20C1}.Release_Coverage|x86.Build.0 = Release|Any CPU
		{9C7EDEB0-90FB-413E-AA89-7AC602CC20C1}.Release|Any CPU.ActiveCfg = Release|Any CPU
		{9C7EDEB0-90FB-413E-AA89-7AC602CC20C1}.Release|Any CPU.Build.0 = Release|Any CPU
		{9C7EDEB0-90FB-413E-AA89-7AC602CC20C1}.Release|ARM.ActiveCfg = Release|Any CPU
		{9C7EDEB0-90FB-413E-AA89-7AC602CC20C1}.Release|ARM.Build.0 = Release|Any CPU
		{9C7EDEB0-90FB-413E-AA89-7AC602CC20C1}.Release|iPhone.ActiveCfg = Release|Any CPU
		{9C7EDEB0-90FB-413E-AA89-7AC602CC20C1}.Release|iPhone.Build.0 = Release|Any CPU
		{9C7EDEB0-90FB-413E-AA89-7AC602CC20C1}.Release|iPhoneSimulator.ActiveCfg = Release|Any CPU
		{9C7EDEB0-90FB-413E-AA89-7AC602CC20C1}.Release|iPhoneSimulator.Build.0 = Release|Any CPU
		{9C7EDEB0-90FB-413E-AA89-7AC602CC20C1}.Release|x64.ActiveCfg = Release|Any CPU
		{9C7EDEB0-90FB-413E-AA89-7AC602CC20C1}.Release|x64.Build.0 = Release|Any CPU
		{9C7EDEB0-90FB-413E-AA89-7AC602CC20C1}.Release|x86.ActiveCfg = Release|Any CPU
		{9C7EDEB0-90FB-413E-AA89-7AC602CC20C1}.Release|x86.Build.0 = Release|Any CPU
	EndGlobalSection
	GlobalSection(SolutionProperties) = preSolution
		HideSolutionNode = FALSE
	EndGlobalSection
	GlobalSection(ExtensibilityGlobals) = postSolution
		SolutionGuid = {7B3305D2-CFD6-4F30-892A-4C64065B020D}
	EndGlobalSection
EndGlobal
